
Microsoft Visual Studio Solution File, Format Version 12.00
# Visual Studio Version 16
VisualStudioVersion = 16.0.29102.190
MinimumVisualStudioVersion = 10.0.40219.1
Project("{FAE04EC0-301F-11D3-BF4B-00C04F79EFBC}") = "SharpSC", "SharpSC.csproj", "{3D9D679D-6052-4C5E-BD91-2BC3DED09D0A}"
EndProject
Global
	GlobalSection(SolutionConfigurationPlatforms) = preSolution
		Debug|Any CPU = Debug|Any CPU
		Release|Any CPU = Release|Any CPU
	EndGlobalSection
	GlobalSection(ProjectConfigurationPlatforms) = postSolution
		{3D9D679D-6052-4C5E-BD91-2BC3DED09D0A}.Debug|Any CPU.ActiveCfg = Debug|Any CPU
		{3D9D679D-6052-4C5E-BD91-2BC3DED09D0A}.Debug|Any CPU.Build.0 = Debug|Any CPU
		{3D9D679D-6052-4C5E-BD91-2BC3DED09D0A}.Release|Any CPU.ActiveCfg = Release|Any CPU
		{3D9D679D-6052-4C5E-BD91-2BC3DED09D0A}.Release|Any CPU.Build.0 = Release|Any CPU
	EndGlobalSection
	GlobalSection(SolutionProperties) = preSolution
		HideSolutionNode = FALSE
	EndGlobalSection
	GlobalSection(ExtensibilityGlobals) = postSolution
		SolutionGuid = {CE93F020-B052-446A-BF5B-6449C1FD6313}
	EndGlobalSection
EndGlobal
